
Microsoft Visual Studio Solution File, Format Version 12.00
Project("{FAE04EC0-301F-11D3-BF4B-00C04F79EFBC}") = "Hona.Endpoints", "Endpoints\Hona.Endpoints\Hona.Endpoints.csproj", "{DAE9D560-2039-436A-8609-57D53F8B20A5}"
EndProject
Project("{FAE04EC0-301F-11D3-BF4B-00C04F79EFBC}") = "Sample", "Endpoints\Sample\Sample.csproj", "{899D1ABD-7A3C-48CE-8200-6A7A0B79274C}"
EndProject
Project("{FAE04EC0-301F-11D3-BF4B-00C04F79EFBC}") = "Sample.Tests", "Endpoints\Sample.Tests\Sample.Tests.csproj", "{93A633BE-A9F6-449E-97B1-444EE4A525B2}"
EndProject
Global
	GlobalSection(SolutionConfigurationPlatforms) = preSolution
		Debug|Any CPU = Debug|Any CPU
		Release|Any CPU = Release|Any CPU
	EndGlobalSection
	GlobalSection(ProjectConfigurationPlatforms) = postSolution
		{DAE9D560-2039-436A-8609-57D53F8B20A5}.Debug|Any CPU.ActiveCfg = Debug|Any CPU
		{DAE9D560-2039-436A-8609-57D53F8B20A5}.Debug|Any CPU.Build.0 = Debug|Any CPU
		{DAE9D560-2039-436A-8609-57D53F8B20A5}.Release|Any CPU.ActiveCfg = Release|Any CPU
		{DAE9D560-2039-436A-8609-57D53F8B20A5}.Release|Any CPU.Build.0 = Release|Any CPU
		{899D1ABD-7A3C-48CE-8200-6A7A0B79274C}.Debug|Any CPU.ActiveCfg = Debug|Any CPU
		{899D1ABD-7A3C-48CE-8200-6A7A0B79274C}.Debug|Any CPU.Build.0 = Debug|Any CPU
		{899D1ABD-7A3C-48CE-8200-6A7A0B79274C}.Release|Any CPU.ActiveCfg = Release|Any CPU
		{899D1ABD-7A3C-48CE-8200-6A7A0B79274C}.Release|Any CPU.Build.0 = Release|Any CPU
		{93A633BE-A9F6-449E-97B1-444EE4A525B2}.Debug|Any CPU.ActiveCfg = Debug|Any CPU
		{93A633BE-A9F6-449E-97B1-444EE4A525B2}.Debug|Any CPU.Build.0 = Debug|Any CPU
		{93A633BE-A9F6-449E-97B1-444EE4A525B2}.Release|Any CPU.ActiveCfg = Release|Any CPU
		{93A633BE-A9F6-449E-97B1-444EE4A525B2}.Release|Any CPU.Build.0 = Release|Any CPU
	EndGlobalSection
EndGlobal
